
Microsoft Visual Studio Solution File, Format Version 12.00
# Visual Studio Version 17
VisualStudioVersion = 17.0.31903.59
MinimumVisualStudioVersion = 10.0.40219.1
Project("{2150E333-8FDC-42A3-9474-1A3956D46DE8}") = "src", "src", "{827E0CD3-B72D-47B6-A68D-7590B98EB39B}"
EndProject
Project("{FAE04EC0-301F-11D3-BF4B-00C04F79EFBC}") = "Core", "src\Core\Core.csproj", "{5F194EEC-26F5-42D9-A19A-CB0920484D5F}"
EndProject
Project("{FAE04EC0-301F-11D3-BF4B-00C04F79EFBC}") = "Infrastructure", "src\Infrastructure\Infrastructure.csproj", "{BE622045-1453-4385-A327-79C2693BB96B}"
EndProject
Project("{FAE04EC0-301F-11D3-BF4B-00C04F79EFBC}") = "Api", "src\Api\Api.csproj", "{571E7921-BB60-4DF3-9FA1-619ACFABE031}"
EndProject
Project("{2150E333-8FDC-42A3-9474-1A3956D46DE8}") = "tests", "tests", "{0AB3BF05-4346-4AA6-1389-037BE0695223}"
EndProject
Project("{FAE04EC0-301F-11D3-BF4B-00C04F79EFBC}") = "Unit", "tests\Unit\Unit.csproj", "{3AF0A4A1-85A7-4BF1-9341-EF0BA1C6915F}"
EndProject
Project("{FAE04EC0-301F-11D3-BF4B-00C04F79EFBC}") = "Integration", "tests\Integration\Integration.csproj", "{290FCE8E-8CD7-4EBD-BB18-26756B62F0D1}"
EndProject
Project("{FAE04EC0-301F-11D3-BF4B-00C04F79EFBC}") = "E2E", "tests\E2E\E2E.csproj", "{97EDD243-FCCE-4A09-94EC-28367C71840F}"
EndProject
Global
	GlobalSection(SolutionConfigurationPlatforms) = preSolution
		Debug|Any CPU = Debug|Any CPU
		Debug|x64 = Debug|x64
		Debug|x86 = Debug|x86
		Release|Any CPU = Release|Any CPU
		Release|x64 = Release|x64
		Release|x86 = Release|x86
	EndGlobalSection
	GlobalSection(ProjectConfigurationPlatforms) = postSolution
		{5F194EEC-26F5-42D9-A19A-CB0920484D5F}.Debug|Any CPU.ActiveCfg = Debug|Any CPU
		{5F194EEC-26F5-42D9-A19A-CB0920484D5F}.Debug|Any CPU.Build.0 = Debug|Any CPU
		{5F194EEC-26F5-42D9-A19A-CB0920484D5F}.Debug|x64.ActiveCfg = Debug|Any CPU
		{5F194EEC-26F5-42D9-A19A-CB0920484D5F}.Debug|x64.Build.0 = Debug|Any CPU
		{5F194EEC-26F5-42D9-A19A-CB0920484D5F}.Debug|x86.ActiveCfg = Debug|Any CPU
		{5F194EEC-26F5-42D9-A19A-CB0920484D5F}.Debug|x86.Build.0 = Debug|Any CPU
		{5F194EEC-26F5-42D9-A19A-CB0920484D5F}.Release|Any CPU.ActiveCfg = Release|Any CPU
		{5F194EEC-26F5-42D9-A19A-CB0920484D5F}.Release|Any CPU.Build.0 = Release|Any CPU
		{5F194EEC-26F5-42D9-A19A-CB0920484D5F}.Release|x64.ActiveCfg = Release|Any CPU
		{5F194EEC-26F5-42D9-A19A-CB0920484D5F}.Release|x64.Build.0 = Release|Any CPU
		{5F194EEC-26F5-42D9-A19A-CB0920484D5F}.Release|x86.ActiveCfg = Release|Any CPU
		{5F194EEC-26F5-42D9-A19A-CB0920484D5F}.Release|x86.Build.0 = Release|Any CPU
		{BE622045-1453-4385-A327-79C2693BB96B}.Debug|Any CPU.ActiveCfg = Debug|Any CPU
		{BE622045-1453-4385-A327-79C2693BB96B}.Debug|Any CPU.Build.0 = Debug|Any CPU
		{BE622045-1453-4385-A327-79C2693BB96B}.Debug|x64.ActiveCfg = Debug|Any CPU
		{BE622045-1453-4385-A327-79C2693BB96B}.Debug|x64.Build.0 = Debug|Any CPU
		{BE622045-1453-4385-A327-79C2693BB96B}.Debug|x86.ActiveCfg = Debug|Any CPU
		{BE622045-1453-4385-A327-79C2693BB96B}.Debug|x86.Build.0 = Debug|Any CPU
		{BE622045-1453-4385-A327-79C2693BB96B}.Release|Any CPU.ActiveCfg = Release|Any CPU
		{BE622045-1453-4385-A327-79C2693BB96B}.Release|Any CPU.Build.0 = Release|Any CPU
		{BE622045-1453-4385-A327-79C2693BB96B}.Release|x64.ActiveCfg = Release|Any CPU
		{BE622045-1453-4385-A327-79C2693BB96B}.Release|x64.Build.0 = Release|Any CPU
		{BE622045-1453-4385-A327-79C2693BB96B}.Release|x86.ActiveCfg = Release|Any CPU
		{BE622045-1453-4385-A327-79C2693BB96B}.Release|x86.Build.0 = Release|Any CPU
		{571E7921-BB60-4DF3-9FA1-619ACFABE031}.Debug|Any CPU.ActiveCfg = Debug|Any CPU
		{571E7921-BB60-4DF3-9FA1-619ACFABE031}.Debug|Any CPU.Build.0 = Debug|Any CPU
		{571E7921-BB60-4DF3-9FA1-619ACFABE031}.Debug|x64.ActiveCfg = Debug|Any CPU
		{571E7921-BB60-4DF3-9FA1-619ACFABE031}.Debug|x64.Build.0 = Debug|Any CPU
		{571E7921-BB60-4DF3-9FA1-619ACFABE031}.Debug|x86.ActiveCfg = Debug|Any CPU
		{571E7921-BB60-4DF3-9FA1-619ACFABE031}.Debug|x86.Build.0 = Debug|Any CPU
		{571E7921-BB60-4DF3-9FA1-619ACFABE031}.Release|Any CPU.ActiveCfg = Release|Any CPU
		{571E7921-BB60-4DF3-9FA1-619ACFABE031}.Release|Any CPU.Build.0 = Release|Any CPU
		{571E7921-BB60-4DF3-9FA1-619ACFABE031}.Release|x64.ActiveCfg = Release|Any CPU
		{571E7921-BB60-4DF3-9FA1-619ACFABE031}.Release|x64.Build.0 = Release|Any CPU
		{571E7921-BB60-4DF3-9FA1-619ACFABE031}.Release|x86.ActiveCfg = Release|Any CPU
		{571E7921-BB60-4DF3-9FA1-619ACFABE031}.Release|x86.Build.0 = Release|Any CPU
		{3AF0A4A1-85A7-4BF1-9341-EF0BA1C6915F}.Debug|Any CPU.ActiveCfg = Debug|Any CPU
		{3AF0A4A1-85A7-4BF1-9341-EF0BA1C6915F}.Debug|Any CPU.Build.0 = Debug|Any CPU
		{3AF0A4A1-85A7-4BF1-9341-EF0BA1C6915F}.Debug|x64.ActiveCfg = Debug|Any CPU
		{3AF0A4A1-85A7-4BF1-9341-EF0BA1C6915F}.Debug|x64.Build.0 = Debug|Any CPU
		{3AF0A4A1-85A7-4BF1-9341-EF0BA1C6915F}.Debug|x86.ActiveCfg = Debug|Any CPU
		{3AF0A4A1-85A7-4BF1-9341-EF0BA1C6915F}.Debug|x86.Build.0 = Debug|Any CPU
		{3AF0A4A1-85A7-4BF1-9341-EF0BA1C6915F}.Release|Any CPU.ActiveCfg = Release|Any CPU
		{3AF0A4A1-85A7-4BF1-9341-EF0BA1C6915F}.Release|Any CPU.Build.0 = Release|Any CPU
		{3AF0A4A1-85A7-4BF1-9341-EF0BA1C6915F}.Release|x64.ActiveCfg = Release|Any CPU
		{3AF0A4A1-85A7-4BF1-9341-EF0BA1C6915F}.Release|x64.Build.0 = Release|Any CPU
		{3AF0A4A1-85A7-4BF1-9341-EF0BA1C6915F}.Release|x86.ActiveCfg = Release|Any CPU
		{3AF0A4A1-85A7-4BF1-9341-EF0BA1C6915F}.Release|x86.Build.0 = Release|Any CPU
		{290FCE8E-8CD7-4EBD-BB18-26756B62F0D1}.Debug|Any CPU.ActiveCfg = Debug|Any CPU
		{290FCE8E-8CD7-4EBD-BB18-26756B62F0D1}.Debug|Any CPU.Build.0 = Debug|Any CPU
		{290FCE8E-8CD7-4EBD-BB18-26756B62F0D1}.Debug|x64.ActiveCfg = Debug|Any CPU
		{290FCE8E-8CD7-4EBD-BB18-26756B62F0D1}.Debug|x64.Build.0 = Debug|Any CPU
		{290FCE8E-8CD7-4EBD-BB18-26756B62F0D1}.Debug|x86.ActiveCfg = Debug|Any CPU
		{290FCE8E-8CD7-4EBD-BB18-26756B62F0D1}.Debug|x86.Build.0 = Debug|Any CPU
		{290FCE8E-8CD7-4EBD-BB18-26756B62F0D1}.Release|Any CPU.ActiveCfg = Release|Any CPU
		{290FCE8E-8CD7-4EBD-BB18-26756B62F0D1}.Release|Any CPU.Build.0 = Release|Any CPU
		{290FCE8E-8CD7-4EBD-BB18-26756B62F0D1}.Release|x64.ActiveCfg = Release|Any CPU
		{290FCE8E-8CD7-4EBD-BB18-26756B62F0D1}.Release|x64.Build.0 = Release|Any CPU
		{290FCE8E-8CD7-4EBD-BB18-26756B62F0D1}.Release|x86.ActiveCfg = Release|Any CPU
		{290FCE8E-8CD7-4EBD-BB18-26756B62F0D1}.Release|x86.Build.0 = Release|Any CPU
		{97EDD243-FCCE-4A09-94EC-28367C71840F}.Debug|Any CPU.ActiveCfg = Debug|Any CPU
		{97EDD243-FCCE-4A09-94EC-28367C71840F}.Debug|Any CPU.Build.0 = Debug|Any CPU
		{97EDD243-FCCE-4A09-94EC-28367C71840F}.Debug|x64.ActiveCfg = Debug|Any CPU
		{97EDD243-FCCE-4A09-94EC-28367C71840F}.Debug|x64.Build.0 = Debug|Any CPU
		{97EDD243-FCCE-4A09-94EC-28367C71840F}.Debug|x86.ActiveCfg = Debug|Any CPU
		{97EDD243-FCCE-4A09-94EC-28367C71840F}.Debug|x86.Build.0 = Debug|Any CPU
		{97EDD243-FCCE-4A09-94EC-28367C71840F}.Release|Any CPU.ActiveCfg = Release|Any CPU
		{97EDD243-FCCE-4A09-94EC-28367C71840F}.Release|Any CPU.Build.0 = Release|Any CPU
		{97EDD243-FCCE-4A09-94EC-28367C71840F}.Release|x64.ActiveCfg = Release|Any CPU
		{97EDD243-FCCE-4A09-94EC-28367C71840F}.Release|x64.Build.0 = Release|Any CPU
		{97EDD243-FCCE-4A09-94EC-28367C71840F}.Release|x86.ActiveCfg = Release|Any CPU
		{97EDD243-FCCE-4A09-94EC-28367C71840F}.Release|x86.Build.0 = Release|Any CPU
	EndGlobalSection
	GlobalSection(SolutionProperties) = preSolution
		HideSolutionNode = FALSE
	EndGlobalSection
	GlobalSection(NestedProjects) = preSolution
		{5F194EEC-26F5-42D9-A19A-CB0920484D5F} = {827E0CD3-B72D-47B6-A68D-7590B98EB39B}
		{BE622045-1453-4385-A327-79C2693BB96B} = {827E0CD3-B72D-47B6-A68D-7590B98EB39B}
		{571E7921-BB60-4DF3-9FA1-619ACFABE031} = {827E0CD3-B72D-47B6-A68D-7590B98EB39B}
		{3AF0A4A1-85A7-4BF1-9341-EF0BA1C6915F} = {0AB3BF05-4346-4AA6-1389-037BE0695223}
		{290FCE8E-8CD7-4EBD-BB18-26756B62F0D1} = {0AB3BF05-4346-4AA6-1389-037BE0695223}
		{97EDD243-FCCE-4A09-94EC-28367C71840F} = {0AB3BF05-4346-4AA6-1389-037BE0695223}
	EndGlobalSection
EndGlobal
